
Microsoft Visual Studio Solution File, Format Version 12.00
# Visual Studio Version 17
VisualStudioVersion = 17.6.33801.468
MinimumVisualStudioVersion = 10.0.40219.1
Project("{FAE04EC0-301F-11D3-BF4B-00C04F79EFBC}") = "Transactions", "Transactions\Transactions.csproj", "{247721FA-AA30-47B9-A4C3-CF5F16281A9D}"
EndProject
Global
	GlobalSection(SolutionConfigurationPlatforms) = preSolution
		Debug|Any CPU = Debug|Any CPU
		Release|Any CPU = Release|Any CPU
	EndGlobalSection
	GlobalSection(ProjectConfigurationPlatforms) = postSolution
		{247721FA-AA30-47B9-A4C3-CF5F16281A9D}.Debug|Any CPU.ActiveCfg = Debug|Any CPU
		{247721FA-AA30-47B9-A4C3-CF5F16281A9D}.Debug|Any CPU.Build.0 = Debug|Any CPU
		{247721FA-AA30-47B9-A4C3-CF5F16281A9D}.Release|Any CPU.ActiveCfg = Release|Any CPU
		{247721FA-AA30-47B9-A4C3-CF5F16281A9D}.Release|Any CPU.Build.0 = Release|Any CPU
	EndGlobalSection
	GlobalSection(SolutionProperties) = preSolution
		HideSolutionNode = FALSE
	EndGlobalSection
	GlobalSection(ExtensibilityGlobals) = postSolution
		SolutionGuid = {67C18BBB-98D3-438A-B7B3-ED774F88D2D1}
	EndGlobalSection
EndGlobal
